// !$*UTF8*$!
{
	archiveVersion = 1;
	classes = {
	};
	objectVersion = 46;
	objects = {

/* Begin PBXBuildFile section */
		E33CBFF015950A1F0069FD27 /* palmTree.png in Resources */ = {isa = PBXBuildFile; fileRef = E33CBFEF15950A1F0069FD27 /* palmTree.png */; };
		E3CD809215912B54006CEC16 /* UIKit.framework in Frameworks */ = {isa = PBXBuildFile; fileRef = E3CD809115912B54006CEC16 /* UIKit.framework */; };
		E3CD809415912B54006CEC16 /* Foundation.framework in Frameworks */ = {isa = PBXBuildFile; fileRef = E3CD809315912B54006CEC16 /* Foundation.framework */; };
		E3CD809615912B54006CEC16 /* CoreGraphics.framework in Frameworks */ = {isa = PBXBuildFile; fileRef = E3CD809515912B54006CEC16 /* CoreGraphics.framework */; };
		E3CD809C15912B54006CEC16 /* InfoPlist.strings in Resources */ = {isa = PBXBuildFile; fileRef = E3CD809A15912B54006CEC16 /* InfoPlist.strings */; };
		E3CD809E15912B54006CEC16 /* main.m in Sources */ = {isa = PBXBuildFile; fileRef = E3CD809D15912B54006CEC16 /* main.m */; };
		E3CD80A215912B54006CEC16 /* AppDelegate.m in Sources */ = {isa = PBXBuildFile; fileRef = E3CD80A115912B54006CEC16 /* AppDelegate.m */; };
		E3CD80A515912B54006CEC16 /* ViewController.m in Sources */ = {isa = PBXBuildFile; fileRef = E3CD80A415912B54006CEC16 /* ViewController.m */; };
		E3CD80A815912B54006CEC16 /* ViewController.xib in Resources */ = {isa = PBXBuildFile; fileRef = E3CD80A615912B54006CEC16 /* ViewController.xib */; };
		E3CD80AF15912B66006CEC16 /* MapKit.framework in Frameworks */ = {isa = PBXBuildFile; fileRef = E3CD80AE15912B66006CEC16 /* MapKit.framework */; };
		E3CD80B215912B82006CEC16 /* VBAnnotation.m in Sources */ = {isa = PBXBuildFile; fileRef = E3CD80B115912B82006CEC16 /* VBAnnotation.m */; };
/* End PBXBuildFile section */

/* Begin PBXFileReference section */
		E33CBFEF15950A1F0069FD27 /* palmTree.png */ = {isa = PBXFileReference; lastKnownFileType = image.png; path = palmTree.png; sourceTree = "<group>"; };
		E3CD808D15912B54006CEC16 /* AnnotationCustom.app */ = {isa = PBXFileReference; explicitFileType = wrapper.application; includeInIndex = 0; path = AnnotationCustom.app; sourceTree = BUILT_PRODUCTS_DIR; };
		E3CD809115912B54006CEC16 /* UIKit.framework */ = {isa = PBXFileReference; lastKnownFileType = wrapper.framework; name = UIKit.framework; path = System/Library/Frameworks/UIKit.framework; sourceTree = SDKROOT; };
		E3CD809315912B54006CEC16 /* Foundation.framework */ = {isa = PBXFileReference; lastKnownFileType = wrapper.framework; name = Foundation.framework; path = System/Library/Frameworks/Foundation.framework; sourceTree = SDKROOT; };
		E3CD809515912B54006CEC16 /* CoreGraphics.framework */ = {isa = PBXFileReference; lastKnownFileType = wrapper.framework; name = CoreGraphics.framework; path = System/Library/Frameworks/CoreGraphics.framework; sourceTree = SDKROOT; };
		E3CD809915912B54006CEC16 /* AnnotationCustom-Info.plist */ = {isa = PBXFileReference; lastKnownFileType = text.plist.xml; path = "AnnotationCustom-Info.plist"; sourceTree = "<group>"; };
		E3CD809B15912B54006CEC16 /* en */ = {isa = PBXFileReference; lastKnownFileType = text.plist.strings; name = en; path = en.lproj/InfoPlist.strings; sourceTree = "<group>"; };
		E3CD809D15912B54006CEC16 /* main.m */ = {isa = PBXFileReference; lastKnownFileType = sourcecode.c.objc; path = main.m; sourceTree = "<group>"; };
		E3CD809F15912B54006CEC16 /* AnnotationCustom-Prefix.pch */ = {isa = PBXFileReference; lastKnownFileType = sourcecode.c.h; path = "AnnotationCustom-Prefix.pch"; sourceTree = "<group>"; };
		E3CD80A015912B54006CEC16 /* AppDelegate.h */ = {isa = PBXFileReference; lastKnownFileType = sourcecode.c.h; path = AppDelegate.h; sourceTree = "<group>"; };
		E3CD80A115912B54006CEC16 /* AppDelegate.m */ = {isa = PBXFileReference; lastKnownFileType = sourcecode.c.objc; path = AppDelegate.m; sourceTree = "<group>"; };
		E3CD80A315912B54006CEC16 /* ViewController.h */ = {isa = PBXFileReference; lastKnownFileType = sourcecode.c.h; path = ViewController.h; sourceTree = "<group>"; };
		E3CD80A415912B54006CEC16 /* ViewController.m */ = {isa = PBXFileReference; lastKnownFileType = sourcecode.c.objc; path = ViewController.m; sourceTree = "<group>"; };
		E3CD80A715912B54006CEC16 /* en */ = {isa = PBXFileReference; lastKnownFileType = file.xib; name = en; path = en.lproj/ViewController.xib; sourceTree = "<group>"; };
		E3CD80AE15912B66006CEC16 /* MapKit.framework */ = {isa = PBXFileReference; lastKnownFileType = wrapper.framework; name = MapKit.framework; path = System/Library/Frameworks/MapKit.framework; sourceTree = SDKROOT; };
		E3CD80B015912B82006CEC16 /* VBAnnotation.h */ = {isa = PBXFileReference; fileEncoding = 4; lastKnownFileType = sourcecode.c.h; path = VBAnnotation.h; sourceTree = "<group>"; };
		E3CD80B115912B82006CEC16 /* VBAnnotation.m */ = {isa = PBXFileReference; fileEncoding = 4; lastKnownFileType = sourcecode.c.objc; path = VBAnnotation.m; sourceTree = "<group>"; };
/* End PBXFileReference section */

/* Begin PBXFrameworksBuildPhase section */
		E3CD808A15912B54006CEC16 /* Frameworks */ = {
			isa = PBXFrameworksBuildPhase;
			buildActionMask = 2147483647;
			files = (
				E3CD80AF15912B66006CEC16 /* MapKit.framework in Frameworks */,
				E3CD809215912B54006CEC16 /* UIKit.framework in Frameworks */,
				E3CD809415912B54006CEC16 /* Foundation.framework in Frameworks */,
				E3CD809615912B54006CEC16 /* CoreGraphics.framework in Frameworks */,
			);
			runOnlyForDeploymentPostprocessing = 0;
		};
/* End PBXFrameworksBuildPhase section */

/* Begin PBXGroup section */
		E3CD808215912B54006CEC16 = {
			isa = PBXGroup;
			children = (
				E3CD809715912B54006CEC16 /* AnnotationCustom */,
				E3CD809015912B54006CEC16 /* Frameworks */,
				E3CD808E15912B54006CEC16 /* Products */,
			);
			sourceTree = "<group>";
		};
		E3CD808E15912B54006CEC16 /* Products */ = {
			isa = PBXGroup;
			children = (
				E3CD808D15912B54006CEC16 /* AnnotationCustom.app */,
			);
			name = Products;
			sourceTree = "<group>";
		};
		E3CD809015912B54006CEC16 /* Frameworks */ = {
			isa = PBXGroup;
			children = (
				E3CD80AE15912B66006CEC16 /* MapKit.framework */,
				E3CD809115912B54006CEC16 /* UIKit.framework */,
				E3CD809315912B54006CEC16 /* Foundation.framework */,
				E3CD809515912B54006CEC16 /* CoreGraphics.framework */,
			);
			name = Frameworks;
			sourceTree = "<group>";
		};
		E3CD809715912B54006CEC16 /* AnnotationCustom */ = {
			isa = PBXGroup;
			children = (
				E3CD80A015912B54006CEC16 /* AppDelegate.h */,
				E3CD80A115912B54006CEC16 /* AppDelegate.m */,
				E3CD80B015912B82006CEC16 /* VBAnnotation.h */,
				E3CD80B115912B82006CEC16 /* VBAnnotation.m */,
				E3CD80A315912B54006CEC16 /* ViewController.h */,
				E3CD80A415912B54006CEC16 /* ViewController.m */,
				E3CD80A615912B54006CEC16 /* ViewController.xib */,
				E3CD809815912B54006CEC16 /* Supporting Files */,
			);
			path = AnnotationCustom;
			sourceTree = "<group>";
		};
		E3CD809815912B54006CEC16 /* Supporting Files */ = {
			isa = PBXGroup;
			children = (
				E33CBFEF15950A1F0069FD27 /* palmTree.png */,
				E3CD809915912B54006CEC16 /* AnnotationCustom-Info.plist */,
				E3CD809A15912B54006CEC16 /* InfoPlist.strings */,
				E3CD809D15912B54006CEC16 /* main.m */,
				E3CD809F15912B54006CEC16 /* AnnotationCustom-Prefix.pch */,
			);
			name = "Supporting Files";
			sourceTree = "<group>";
		};
/* End PBXGroup section */

/* Begin PBXNativeTarget section */
		E3CD808C15912B54006CEC16 /* AnnotationCustom */ = {
			isa = PBXNativeTarget;
			buildConfigurationList = E3CD80AB15912B54006CEC16 /* Build configuration list for PBXNativeTarget "AnnotationCustom" */;
			buildPhases = (
				E3CD808915912B54006CEC16 /* Sources */,
				E3CD808A15912B54006CEC16 /* Frameworks */,
				E3CD808B15912B54006CEC16 /* Resources */,
			);
			buildRules = (
			);
			dependencies = (
			);
			name = AnnotationCustom;
			productName = AnnotationCustom;
			productReference = E3CD808D15912B54006CEC16 /* AnnotationCustom.app */;
			productType = "com.apple.product-type.application";
		};
/* End PBXNativeTarget section */

/* Begin PBXProject section */
		E3CD808415912B54006CEC16 /* Project object */ = {
			isa = PBXProject;
			attributes = {
				LastUpgradeCheck = 0420;
			};
			buildConfigurationList = E3CD808715912B54006CEC16 /* Build configuration list for PBXProject "AnnotationCustom" */;
			compatibilityVersion = "Xcode 3.2";
			developmentRegion = English;
			hasScannedForEncodings = 0;
			knownRegions = (
				en,
			);
			mainGroup = E3CD808215912B54006CEC16;
			productRefGroup = E3CD808E15912B54006CEC16 /* Products */;
			projectDirPath = "";
			projectRoot = "";
			targets = (
				E3CD808C15912B54006CEC16 /* AnnotationCustom */,
			);
		};
/* End PBXProject section */

/* Begin PBXResourcesBuildPhase section */
		E3CD808B15912B54006CEC16 /* Resources */ = {
			isa = PBXResourcesBuildPhase;
			buildActionMask = 2147483647;
			files = (
				E3CD809C15912B54006CEC16 /* InfoPlist.strings in Resources */,
				E3CD80A815912B54006CEC16 /* ViewController.xib in Resources */,
				E33CBFF015950A1F0069FD27 /* palmTree.png in Resources */,
			);
			runOnlyForDeploymentPostprocessing = 0;
		};
/* End PBXResourcesBuildPhase section */

/* Begin PBXSourcesBuildPhase section */
		E3CD808915912B54006CEC16 /* Sources */ = {
			isa = PBXSourcesBuildPhase;
			buildActionMask = 2147483647;
			files = (
				E3CD809E15912B54006CEC16 /* main.m in Sources */,
				E3CD80A215912B54006CEC16 /* AppDelegate.m in Sources */,
				E3CD80A515912B54006CEC16 /* ViewController.m in Sources */,
				E3CD80B215912B82006CEC16 /* VBAnnotation.m in Sources */,
			);
			runOnlyForDeploymentPostprocessing = 0;
		};
/* End PBXSourcesBuildPhase section */

/* Begin PBXVariantGroup section */
		E3CD809A15912B54006CEC16 /* InfoPlist.strings */ = {
			isa = PBXVariantGroup;
			children = (
				E3CD809B15912B54006CEC16 /* en */,
			);
			name = InfoPlist.strings;
			sourceTree = "<group>";
		};
		E3CD80A615912B54006CEC16 /* ViewController.xib */ = {
			isa = PBXVariantGroup;
			children = (
				E3CD80A715912B54006CEC16 /* en */,
			);
			name = ViewController.xib;
			sourceTree = "<group>";
		};
/* End PBXVariantGroup section */

/* Begin XCBuildConfiguration section */
		B6DBC42C159D03C2006C3ED0 /* Distribution */ = {
			isa = XCBuildConfiguration;
			buildSettings = {
				ALWAYS_SEARCH_USER_PATHS = NO;
				ARCHS = "$(ARCHS_STANDARD_32_BIT)";
				CLANG_ENABLE_OBJC_ARC = YES;
				"CODE_SIGN_IDENTITY[sdk=iphoneos*]" = "iPhone Developer";
				COPY_PHASE_STRIP = NO;
				GCC_C_LANGUAGE_STANDARD = gnu99;
				GCC_DYNAMIC_NO_PIC = NO;
				GCC_OPTIMIZATION_LEVEL = 0;
				GCC_PREPROCESSOR_DEFINITIONS = (
					"DEBUG=1",
					"$(inherited)",
				);
				GCC_SYMBOLS_PRIVATE_EXTERN = NO;
				GCC_VERSION = com.apple.compilers.llvm.clang.1_0;
				GCC_WARN_ABOUT_MISSING_PROTOTYPES = YES;
				GCC_WARN_ABOUT_RETURN_TYPE = YES;
				GCC_WARN_UNUSED_VARIABLE = YES;
				IPHONEOS_DEPLOYMENT_TARGET = 5.0;
				SDKROOT = iphoneos;
				VALIDATE_PRODUCT = YES;
			};
			name = Distribution;
		};
		B6DBC42D159D03C2006C3ED0 /* Distribution */ = {
			isa = XCBuildConfiguration;
			buildSettings = {
				GCC_PRECOMPILE_PREFIX_HEADER = YES;
				GCC_PREFIX_HEADER = "AnnotationCustom/AnnotationCustom-Prefix.pch";
				INFOPLIST_FILE = "AnnotationCustom/AnnotationCustom-Info.plist";
				PRODUCT_NAME = "$(TARGET_NAME)";
				WRAPPER_EXTENSION = app;
			};
			name = Distribution;
		};
		E3CD80A915912B54006CEC16 /* Debug */ = {
			isa = XCBuildConfiguration;
			buildSettings = {
				ALWAYS_SEARCH_USER_PATHS = NO;
				ARCHS = "$(ARCHS_STANDARD_32_BIT)";
				CLANG_ENABLE_OBJC_ARC = YES;
				"CODE_SIGN_IDENTITY[sdk=iphoneos*]" = "iPhone Developer";
				COPY_PHASE_STRIP = NO;
				GCC_C_LANGUAGE_STANDARD = gnu99;
				GCC_DYNAMIC_NO_PIC = NO;
				GCC_OPTIMIZATION_LEVEL = 0;
				GCC_PREPROCESSOR_DEFINITIONS = (
					"DEBUG=1",
					"$(inherited)",
				);
				GCC_SYMBOLS_PRIVATE_EXTERN = NO;
				GCC_VERSION = com.apple.compilers.llvm.clang.1_0;
				GCC_WARN_ABOUT_MISSING_PROTOTYPES = YES;
				GCC_WARN_ABOUT_RETURN_TYPE = YES;
				GCC_WARN_UNUSED_VARIABLE = YES;
				IPHONEOS_DEPLOYMENT_TARGET = 5.0;
				SDKROOT = iphoneos;
			};
			name = Debug;
		};
		E3CD80AA15912B54006CEC16 /* Release */ = {
			isa = XCBuildConfiguration;
			buildSettings = {
				ALWAYS_SEARCH_USER_PATHS = NO;
				ARCHS = "$(ARCHS_STANDARD_32_BIT)";
				CLANG_ENABLE_OBJC_ARC = YES;
				"CODE_SIGN_IDENTITY[sdk=iphoneos*]" = "iPhone Developer";
				COPY_PHASE_STRIP = YES;
				GCC_C_LANGUAGE_STANDARD = gnu99;
				GCC_VERSION = com.apple.compilers.llvm.clang.1_0;
				GCC_WARN_ABOUT_MISSING_PROTOTYPES = YES;
				GCC_WARN_ABOUT_RETURN_TYPE = YES;
				GCC_WARN_UNUSED_VARIABLE = YES;
				IPHONEOS_DEPLOYMENT_TARGET = 5.0;
				OTHER_CFLAGS = "-DNS_BLOCK_ASSERTIONS=1";
				SDKROOT = iphoneos;
				VALIDATE_PRODUCT = YES;
			};
			name = Release;
		};
		E3CD80AC15912B54006CEC16 /* Debug */ = {
			isa = XCBuildConfiguration;
			buildSettings = {
				GCC_PRECOMPILE_PREFIX_HEADER = YES;
				GCC_PREFIX_HEADER = "AnnotationCustom/AnnotationCustom-Prefix.pch";
				INFOPLIST_FILE = "AnnotationCustom/AnnotationCustom-Info.plist";
				PRODUCT_NAME = "$(TARGET_NAME)";
				WRAPPER_EXTENSION = app;
			};
			name = Debug;
		};
		E3CD80AD15912B54006CEC16 /* Release */ = {
			isa = XCBuildConfiguration;
			buildSettings = {
				GCC_PRECOMPILE_PREFIX_HEADER = YES;
				GCC_PREFIX_HEADER = "AnnotationCustom/AnnotationCustom-Prefix.pch";
				INFOPLIST_FILE = "AnnotationCustom/AnnotationCustom-Info.plist";
				PRODUCT_NAME = "$(TARGET_NAME)";
				WRAPPER_EXTENSION = app;
			};
			name = Release;
		};
/* End XCBuildConfiguration section */

/* Begin XCConfigurationList section */
		E3CD808715912B54006CEC16 /* Build configuration list for PBXProject "AnnotationCustom" */ = {
			isa = XCConfigurationList;
			buildConfigurations = (
				E3CD80A915912B54006CEC16 /* Debug */,
				B6DBC42C159D03C2006C3ED0 /* Distribution */,
				E3CD80AA15912B54006CEC16 /* Release */,
			);
			defaultConfigurationIsVisible = 0;
			defaultConfigurationName = Release;
		};
		E3CD80AB15912B54006CEC16 /* Build configuration list for PBXNativeTarget "AnnotationCustom" */ = {
			isa = XCConfigurationList;
			buildConfigurations = (
				E3CD80AC15912B54006CEC16 /* Debug */,
				B6DBC42D159D03C2006C3ED0 /* Distribution */,
				E3CD80AD15912B54006CEC16 /* Release */,
			);
			defaultConfigurationIsVisible = 0;
			defaultConfigurationName = Release;
		};
/* End XCConfigurationList section */
	};
	rootObject = E3CD808415912B54006CEC16 /* Project object */;
}
